
Microsoft Visual Studio Solution File, Format Version 12.00
# Visual Studio Version 18
VisualStudioVersion = 18.6.11819.183 stable
MinimumVisualStudioVersion = 10.0.40219.1
Project("{FAE04EC0-301F-11D3-BF4B-00C04F79EFBC}") = "OmniRetail.API", "OmniRetail.API\OmniRetail.API.csproj", "{0599466F-774B-4804-B7C7-37571EEAB16F}"
EndProject
Project("{FAE04EC0-301F-11D3-BF4B-00C04F79EFBC}") = "OmniRetail.Application", "OmniRetail.Application\OmniRetail.Application.csproj", "{3DF6098D-2057-44C6-97E8-17D575B3B269}"
EndProject
Project("{FAE04EC0-301F-11D3-BF4B-00C04F79EFBC}") = "OmniRetail.Core", "OmniRetail.Core\OmniRetail.Core.csproj", "{B4587DC3-E94D-449A-AD07-C97AE9183136}"
EndProject
Project("{FAE04EC0-301F-11D3-BF4B-00C04F79EFBC}") = "OmniRetail.Infrastructure", "OmniRetail.Infrastructure\OmniRetail.Infrastructure.csproj", "{9E6379FC-2601-4F04-8AD0-D68A0991593D}"
EndProject
Project("{FAE04EC0-301F-11D3-BF4B-00C04F79EFBC}") = "OmniRetail.WPF", "OmniRetail.WPF\OmniRetail.WPF.csproj", "{B8294EDE-9DA1-4D22-B2F1-13DC7C4AF3B1}"
EndProject
Project("{FAE04EC0-301F-11D3-BF4B-00C04F79EFBC}") = "OmniRetail.AI", "OmniRetail.AI\OmniRetail.AI.csproj", "{015DB5AF-FC25-4FB4-BC4D-89E42B2A5F08}"
EndProject
Global
	GlobalSection(SolutionConfigurationPlatforms) = preSolution
		Debug|Any CPU = Debug|Any CPU
		Release|Any CPU = Release|Any CPU
	EndGlobalSection
	GlobalSection(ProjectConfigurationPlatforms) = postSolution
		{0599466F-774B-4804-B7C7-37571EEAB16F}.Debug|Any CPU.ActiveCfg = Debug|Any CPU
		{0599466F-774B-4804-B7C7-37571EEAB16F}.Debug|Any CPU.Build.0 = Debug|Any CPU
		{0599466F-774B-4804-B7C7-37571EEAB16F}.Release|Any CPU.ActiveCfg = Release|Any CPU
		{0599466F-774B-4804-B7C7-37571EEAB16F}.Release|Any CPU.Build.0 = Release|Any CPU
		{3DF6098D-2057-44C6-97E8-17D575B3B269}.Debug|Any CPU.ActiveCfg = Debug|Any CPU
		{3DF6098D-2057-44C6-97E8-17D575B3B269}.Debug|Any CPU.Build.0 = Debug|Any CPU
		{3DF6098D-2057-44C6-97E8-17D575B3B269}.Release|Any CPU.ActiveCfg = Release|Any CPU
		{3DF6098D-2057-44C6-97E8-17D575B3B269}.Release|Any CPU.Build.0 = Release|Any CPU
		{B4587DC3-E94D-449A-AD07-C97AE9183136}.Debug|Any CPU.ActiveCfg = Debug|Any CPU
		{B4587DC3-E94D-449A-AD07-C97AE9183136}.Debug|Any CPU.Build.0 = Debug|Any CPU
		{B4587DC3-E94D-449A-AD07-C97AE9183136}.Release|Any CPU.ActiveCfg = Release|Any CPU
		{B4587DC3-E94D-449A-AD07-C97AE9183136}.Release|Any CPU.Build.0 = Release|Any CPU
		{9E6379FC-2601-4F04-8AD0-D68A0991593D}.Debug|Any CPU.ActiveCfg = Debug|Any CPU
		{9E6379FC-2601-4F04-8AD0-D68A0991593D}.Debug|Any CPU.Build.0 = Debug|Any CPU
		{9E6379FC-2601-4F04-8AD0-D68A0991593D}.Release|Any CPU.ActiveCfg = Release|Any CPU
		{9E6379FC-2601-4F04-8AD0-D68A0991593D}.Release|Any CPU.Build.0 = Release|Any CPU
		{B8294EDE-9DA1-4D22-B2F1-13DC7C4AF3B1}.Debug|Any CPU.ActiveCfg = Debug|Any CPU
		{B8294EDE-9DA1-4D22-B2F1-13DC7C4AF3B1}.Debug|Any CPU.Build.0 = Debug|Any CPU
		{B8294EDE-9DA1-4D22-B2F1-13DC7C4AF3B1}.Release|Any CPU.ActiveCfg = Release|Any CPU
		{B8294EDE-9DA1-4D22-B2F1-13DC7C4AF3B1}.Release|Any CPU.Build.0 = Release|Any CPU
		{015DB5AF-FC25-4FB4-BC4D-89E42B2A5F08}.Debug|Any CPU.ActiveCfg = Debug|Any CPU
		{015DB5AF-FC25-4FB4-BC4D-89E42B2A5F08}.Debug|Any CPU.Build.0 = Debug|Any CPU
		{015DB5AF-FC25-4FB4-BC4D-89E42B2A5F08}.Release|Any CPU.ActiveCfg = Release|Any CPU
		{015DB5AF-FC25-4FB4-BC4D-89E42B2A5F08}.Release|Any CPU.Build.0 = Release|Any CPU
	EndGlobalSection
	GlobalSection(SolutionProperties) = preSolution
		HideSolutionNode = FALSE
	EndGlobalSection
	GlobalSection(ExtensibilityGlobals) = postSolution
		SolutionGuid = {61BE705D-6467-4B8C-9592-44FA6711A5BC}
	EndGlobalSection
EndGlobal
